{
  "nodes": {
    "nixpkgs": {
      "locked": {
        "lastModified": 0,
        "narHash": "sha256-GHLFMGH+r3OmI4tV0x/RtxN7DkHcH2ZOhK8uzQeSLiY=",
        "path": "/nix/store/sbp9h5bj7qs47k6xlkfs41rfz5lhcx1b-source",
        "type": "path"
      },
      "original": {
        "id": "nixpkgs",
        "type": "indirect"
      }
    },
    "root": {
      "inputs": {
        "nixpkgs": "nixpkgs"
      }
    }
  },
  "root": "root",
  "version": 7
}
